
Microsoft Visual Studio Solution File, Format Version 12.00
# Visual Studio Version 16
VisualStudioVersion = 16.0.31624.102
MinimumVisualStudioVersion = 10.0.40219.1
Project("{FAE04EC0-301F-11D3-BF4B-00C04F79EFBC}") = "CastObjectToClass", "CastObjectToClass\CastObjectToClass.csproj", "{1D4539E3-46F3-4D59-899F-44CD68CCF038}"
EndProject
Project("{FAE04EC0-301F-11D3-BF4B-00C04F79EFBC}") = "DemoAPI", "DemoAPI\DemoAPI.csproj", "{8A3F5390-8E07-4CF5-9972-ECCD11969DD5}"
EndProject
Project("{FAE04EC0-301F-11D3-BF4B-00C04F79EFBC}") = "DemoLibrary", "DemoLibrary\DemoLibrary.csproj", "{252BE2D5-F6CC-4E45-8C43-3BE710283E32}"
EndProject
Global
	GlobalSection(SolutionConfigurationPlatforms) = preSolution
		Debug|Any CPU = Debug|Any CPU
		Release|Any CPU = Release|Any CPU
	EndGlobalSection
	GlobalSection(ProjectConfigurationPlatforms) = postSolution
		{1D4539E3-46F3-4D59-899F-44CD68CCF038}.Debug|Any CPU.ActiveCfg = Debug|Any CPU
		{1D4539E3-46F3-4D59-899F-44CD68CCF038}.Debug|Any CPU.Build.0 = Debug|Any CPU
		{1D4539E3-46F3-4D59-899F-44CD68CCF038}.Release|Any CPU.ActiveCfg = Release|Any CPU
		{1D4539E3-46F3-4D59-899F-44CD68CCF038}.Release|Any CPU.Build.0 = Release|Any CPU
		{8A3F5390-8E07-4CF5-9972-ECCD11969DD5}.Debug|Any CPU.ActiveCfg = Debug|Any CPU
		{8A3F5390-8E07-4CF5-9972-ECCD11969DD5}.Debug|Any CPU.Build.0 = Debug|Any CPU
		{8A3F5390-8E07-4CF5-9972-ECCD11969DD5}.Release|Any CPU.ActiveCfg = Release|Any CPU
		{8A3F5390-8E07-4CF5-9972-ECCD11969DD5}.Release|Any CPU.Build.0 = Release|Any CPU
		{252BE2D5-F6CC-4E45-8C43-3BE710283E32}.Debug|Any CPU.ActiveCfg = Debug|Any CPU
		{252BE2D5-F6CC-4E45-8C43-3BE710283E32}.Debug|Any CPU.Build.0 = Debug|Any CPU
		{252BE2D5-F6CC-4E45-8C43-3BE710283E32}.Release|Any CPU.ActiveCfg = Release|Any CPU
		{252BE2D5-F6CC-4E45-8C43-3BE710283E32}.Release|Any CPU.Build.0 = Release|Any CPU
	EndGlobalSection
	GlobalSection(SolutionProperties) = preSolution
		HideSolutionNode = FALSE
	EndGlobalSection
	GlobalSection(ExtensibilityGlobals) = postSolution
		SolutionGuid = {1EB8A8DD-DC17-4396-89BD-EA176CE3BF63}
	EndGlobalSection
EndGlobal
